{
  "name": "api",
  "version": "1.0.0",
  "lockfileVersion": 3,
  "requires": true,
  "packages": {
    "": {
      "name": "api",
      "version": "1.0.0",
      "dependencies": {
        "@azure/functions": "^4.0.0"
      },
      "devDependencies": {
        "@types/node": "18.x",
        "azure-functions-core-tools": "^4.x",
        "typescript": "^4.0.0"
      }
    },
    "../../node_modules/.pnpm/@azure+functions@4.7.0/node_modules/@azure/functions": {
      "version": "4.7.0",
      "license": "MIT",
      "dependencies": {
        "cookie": "^0.7.0",
        "long": "^4.0.0",
        "undici": "^5.13.0"
      },
      "devDependencies": {
        "@types/chai": "^4.2.22",
        "@types/chai-as-promised": "^7.1.5",
        "@types/cookie": "^0.6.0",
        "@types/fs-extra": "^9.0.13",
        "@types/long": "^4.0.2",
        "@types/minimist": "^1.2.2",
        "@types/mocha": "^9.1.1",
        "@types/node": "^18.0.0",
        "@types/semver": "^7.3.9",
        "@typescript-eslint/eslint-plugin": "^5.12.1",
        "@typescript-eslint/parser": "^5.12.1",
        "chai": "^4.2.0",
        "chai-as-promised": "^7.1.1",
        "eslint": "^7.32.0",
        "eslint-config-prettier": "^8.3.0",
        "eslint-plugin-deprecation": "^1.3.2",
        "eslint-plugin-header": "^3.1.1",
        "eslint-plugin-import": "^2.29.0",
        "eslint-plugin-prettier": "^4.0.0",
        "eslint-plugin-simple-import-sort": "^10.0.0",
        "eslint-webpack-plugin": "^3.2.0",
        "fork-ts-checker-webpack-plugin": "^7.2.13",
        "fs-extra": "^10.0.1",
        "globby": "^11.0.0",
        "minimist": "^1.2.6",
        "mocha": "^9.1.1",
        "mocha-junit-reporter": "^2.0.2",
        "mocha-multi-reporters": "^1.5.1",
        "prettier": "^2.4.1",
        "semver": "^7.3.5",
        "ts-loader": "^9.3.1",
        "ts-node": "^3.3.0",
        "typescript": "^4.5.5",
        "typescript4": "npm:typescript@~4.0.0",
        "webpack": "^5.74.0",
        "webpack-cli": "^4.10.0"
      },
      "engines": {
        "node": ">=18.0"
      }
    },
    "../../node_modules/.pnpm/@types+node@18.19.98/node_modules/@types/node": {
      "version": "18.19.98",
      "dev": true,
      "license": "MIT",
      "dependencies": {
        "undici-types": "~5.26.4"
      }
    },
    "../../node_modules/.pnpm/azure-functions-core-tools@4.0.7030/node_modules/azure-functions-core-tools": {
      "version": "4.0.7030",
      "dev": true,
      "hasInstallScript": true,
      "license": "MIT",
      "os": [
        "win32",
        "darwin",
        "linux"
      ],
      "dependencies": {
        "chalk": "3.0.0",
        "extract-zip": "^2.0.1",
        "https-proxy-agent": "5.0.1",
        "progress": "2.0.3",
        "rimraf": "4.4.1"
      },
      "bin": {
        "azfun": "lib/main.js",
        "azurefunctions": "lib/main.js",
        "func": "lib/main.js"
      },
      "engines": {
        "node": ">=6.9.1"
      }
    },
    "../../node_modules/.pnpm/rimraf@5.0.10/node_modules/rimraf": {
      "version": "5.0.10",
      "extraneous": true,
      "license": "ISC",
      "dependencies": {
        "glob": "^10.3.7"
      },
      "bin": {
        "rimraf": "dist/esm/bin.mjs"
      },
      "devDependencies": {
        "@types/node": "^20.12.11",
        "mkdirp": "^3.0.1",
        "prettier": "^3.2.5",
        "tap": "^19.0.1",
        "tshy": "^1.14.0",
        "typedoc": "^0.25.13",
        "typescript": "^5.4.5"
      },
      "funding": {
        "url": "https://github.com/sponsors/isaacs"
      }
    },
    "../../node_modules/.pnpm/typescript@4.9.5/node_modules/typescript": {
      "version": "4.9.5",
      "dev": true,
      "license": "Apache-2.0",
      "bin": {
        "tsc": "bin/tsc",
        "tsserver": "bin/tsserver"
      },
      "devDependencies": {
        "@octokit/rest": "latest",
        "@types/chai": "latest",
        "@types/fancy-log": "^2.0.0",
        "@types/fs-extra": "^9.0.13",
        "@types/glob": "latest",
        "@types/gulp": "^4.0.9",
        "@types/gulp-concat": "latest",
        "@types/gulp-newer": "latest",
        "@types/gulp-rename": "latest",
        "@types/gulp-sourcemaps": "latest",
        "@types/merge2": "latest",
        "@types/microsoft__typescript-etw": "latest",
        "@types/minimist": "latest",
        "@types/mkdirp": "latest",
        "@types/mocha": "latest",
        "@types/ms": "latest",
        "@types/node": "latest",
        "@types/source-map-support": "latest",
        "@types/which": "^2.0.1",
        "@types/xml2js": "^0.4.11",
        "@typescript-eslint/eslint-plugin": "^5.33.1",
        "@typescript-eslint/parser": "^5.33.1",
        "@typescript-eslint/utils": "^5.33.1",
        "azure-devops-node-api": "^11.2.0",
        "chai": "latest",
        "chalk": "^4.1.2",
        "del": "^6.1.1",
        "diff": "^5.1.0",
        "eslint": "^8.22.0",
        "eslint-formatter-autolinkable-stylish": "^1.2.0",
        "eslint-plugin-import": "^2.26.0",
        "eslint-plugin-jsdoc": "^39.3.6",
        "eslint-plugin-local": "^1.0.0",
        "eslint-plugin-no-null": "^1.0.2",
        "fancy-log": "latest",
        "fs-extra": "^9.1.0",
        "glob": "latest",
        "gulp": "^4.0.2",
        "gulp-concat": "latest",
        "gulp-insert": "latest",
        "gulp-newer": "latest",
        "gulp-rename": "latest",
        "gulp-sourcemaps": "latest",
        "merge2": "latest",
        "minimist": "latest",
        "mkdirp": "latest",
        "mocha": "latest",
        "mocha-fivemat-progress-reporter": "latest",
        "ms": "^2.1.3",
        "node-fetch": "^3.2.10",
        "source-map-support": "latest",
        "typescript": "^4.8.4",
        "vinyl": "latest",
        "which": "^2.0.2",
        "xml2js": "^0.4.23"
      },
      "engines": {
        "node": ">=4.2.0"
      }
    },
    "node_modules/@azure/functions": {
      "resolved": "../../node_modules/.pnpm/@azure+functions@4.7.0/node_modules/@azure/functions",
      "link": true
    },
    "node_modules/@types/node": {
      "resolved": "../../node_modules/.pnpm/@types+node@18.19.98/node_modules/@types/node",
      "link": true
    },
    "node_modules/azure-functions-core-tools": {
      "resolved": "../../node_modules/.pnpm/azure-functions-core-tools@4.0.7030/node_modules/azure-functions-core-tools",
      "link": true
    },
    "node_modules/typescript": {
      "resolved": "../../node_modules/.pnpm/typescript@4.9.5/node_modules/typescript",
      "link": true
    }
  }
}
